// !$*UTF8*$!
{
	archiveVersion = 1;
	classes = {
	};
	objectVersion = 46;
	objects = {

/* Begin PBXBuildFile section */
		282070701EDD01C70042852D /* AppDelegate.swift in Sources */ = {isa = PBXBuildFile; fileRef = 2820706F1EDD01C70042852D /* AppDelegate.swift */; };
		282070721EDD01C70042852D /* FirstViewController.swift in Sources */ = {isa = PBXBuildFile; fileRef = 282070711EDD01C70042852D /* FirstViewController.swift */; };
		282070741EDD01C70042852D /* SecondViewController.swift in Sources */ = {isa = PBXBuildFile; fileRef = 282070731EDD01C70042852D /* SecondViewController.swift */; };
		282070771EDD01C70042852D /* Main.storyboard in Resources */ = {isa = PBXBuildFile; fileRef = 282070751EDD01C70042852D /* Main.storyboard */; };
		282070791EDD01C70042852D /* Assets.xcassets in Resources */ = {isa = PBXBuildFile; fileRef = 282070781EDD01C70042852D /* Assets.xcassets */; };
		2820707C1EDD01C70042852D /* LaunchScreen.storyboard in Resources */ = {isa = PBXBuildFile; fileRef = 2820707A1EDD01C70042852D /* LaunchScreen.storyboard */; };
		282070871EDD01C70042852D /* NewPickupTests.swift in Sources */ = {isa = PBXBuildFile; fileRef = 282070861EDD01C70042852D /* NewPickupTests.swift */; };
		282070921EDD01C70042852D /* NewPickupUITests.swift in Sources */ = {isa = PBXBuildFile; fileRef = 282070911EDD01C70042852D /* NewPickupUITests.swift */; };
		282070A01EDD02A70042852D /* GoogleService-Info (1).plist in Resources */ = {isa = PBXBuildFile; fileRef = 2820709F1EDD02A70042852D /* GoogleService-Info (1).plist */; };
		3200D3DC2B6CB6867C4BA65E /* Pods_NewPickupTests.framework in Frameworks */ = {isa = PBXBuildFile; fileRef = DBEB2252FDBD885AF3486272 /* Pods_NewPickupTests.framework */; };
		41971C15E350A0538B501DB6 /* Pods_NewPickup.framework in Frameworks */ = {isa = PBXBuildFile; fileRef = 895B8083C57BA0EA1EACE63E /* Pods_NewPickup.framework */; };
		E9374E93534441E201D7B0DC /* Pods_NewPickupUITests.framework in Frameworks */ = {isa = PBXBuildFile; fileRef = F062D72AC1511EAD2434100B /* Pods_NewPickupUITests.framework */; };
/* End PBXBuildFile section */

/* Begin PBXContainerItemProxy section */
		282070831EDD01C70042852D /* PBXContainerItemProxy */ = {
			isa = PBXContainerItemProxy;
			containerPortal = 282070641EDD01C70042852D /* Project object */;
			proxyType = 1;
			remoteGlobalIDString = 2820706B1EDD01C70042852D;
			remoteInfo = NewPickup;
		};
		2820708E1EDD01C70042852D /* PBXContainerItemProxy */ = {
			isa = PBXContainerItemProxy;
			containerPortal = 282070641EDD01C70042852D /* Project object */;
			proxyType = 1;
			remoteGlobalIDString = 2820706B1EDD01C70042852D;
			remoteInfo = NewPickup;
		};
/* End PBXContainerItemProxy section */

/* Begin PBXFileReference section */
		2820706C1EDD01C70042852D /* NewPickup.app */ = {isa = PBXFileReference; explicitFileType = wrapper.application; includeInIndex = 0; path = NewPickup.app; sourceTree = BUILT_PRODUCTS_DIR; };
		2820706F1EDD01C70042852D /* AppDelegate.swift */ = {isa = PBXFileReference; lastKnownFileType = sourcecode.swift; path = AppDelegate.swift; sourceTree = "<group>"; };
		282070711EDD01C70042852D /* FirstViewController.swift */ = {isa = PBXFileReference; lastKnownFileType = sourcecode.swift; path = FirstViewController.swift; sourceTree = "<group>"; };
		282070731EDD01C70042852D /* SecondViewController.swift */ = {isa = PBXFileReference; lastKnownFileType = sourcecode.swift; path = SecondViewController.swift; sourceTree = "<group>"; };
		282070761EDD01C70042852D /* Base */ = {isa = PBXFileReference; lastKnownFileType = file.storyboard; name = Base; path = Base.lproj/Main.storyboard; sourceTree = "<group>"; };
		282070781EDD01C70042852D /* Assets.xcassets */ = {isa = PBXFileReference; lastKnownFileType = folder.assetcatalog; path = Assets.xcassets; sourceTree = "<group>"; };
		2820707B1EDD01C70042852D /* Base */ = {isa = PBXFileReference; lastKnownFileType = file.storyboard; name = Base; path = Base.lproj/LaunchScreen.storyboard; sourceTree = "<group>"; };
		2820707D1EDD01C70042852D /* Info.plist */ = {isa = PBXFileReference; lastKnownFileType = text.plist.xml; path = Info.plist; sourceTree = "<group>"; };
		282070821EDD01C70042852D /* NewPickupTests.xctest */ = {isa = PBXFileReference; explicitFileType = wrapper.cfbundle; includeInIndex = 0; path = NewPickupTests.xctest; sourceTree = BUILT_PRODUCTS_DIR; };
		282070861EDD01C70042852D /* NewPickupTests.swift */ = {isa = PBXFileReference; lastKnownFileType = sourcecode.swift; path = NewPickupTests.swift; sourceTree = "<group>"; };
		282070881EDD01C70042852D /* Info.plist */ = {isa = PBXFileReference; lastKnownFileType = text.plist.xml; path = Info.plist; sourceTree = "<group>"; };
		2820708D1EDD01C70042852D /* NewPickupUITests.xctest */ = {isa = PBXFileReference; explicitFileType = wrapper.cfbundle; includeInIndex = 0; path = NewPickupUITests.xctest; sourceTree = BUILT_PRODUCTS_DIR; };
		282070911EDD01C70042852D /* NewPickupUITests.swift */ = {isa = PBXFileReference; lastKnownFileType = sourcecode.swift; path = NewPickupUITests.swift; sourceTree = "<group>"; };
		282070931EDD01C70042852D /* Info.plist */ = {isa = PBXFileReference; lastKnownFileType = text.plist.xml; path = Info.plist; sourceTree = "<group>"; };
		2820709F1EDD02A70042852D /* GoogleService-Info (1).plist */ = {isa = PBXFileReference; fileEncoding = 4; lastKnownFileType = text.plist.xml; name = "GoogleService-Info (1).plist"; path = "../../../../../Downloads/GoogleService-Info (1).plist"; sourceTree = "<group>"; };
		545E85EE9A793ABE08B97333 /* Pods-NewPickup.release.xcconfig */ = {isa = PBXFileReference; includeInIndex = 1; lastKnownFileType = text.xcconfig; name = "Pods-NewPickup.release.xcconfig"; path = "Pods/Target Support Files/Pods-NewPickup/Pods-NewPickup.release.xcconfig"; sourceTree = "<group>"; };
		82744C7DEA4BCC2A23AB0022 /* Pods-NewPickupTests.debug.xcconfig */ = {isa = PBXFileReference; includeInIndex = 1; lastKnownFileType = text.xcconfig; name = "Pods-NewPickupTests.debug.xcconfig"; path = "Pods/Target Support Files/Pods-NewPickupTests/Pods-NewPickupTests.debug.xcconfig"; sourceTree = "<group>"; };
		895B8083C57BA0EA1EACE63E /* Pods_NewPickup.framework */ = {isa = PBXFileReference; explicitFileType = wrapper.framework; includeInIndex = 0; path = Pods_NewPickup.framework; sourceTree = BUILT_PRODUCTS_DIR; };
		ADE084A2DCAE5E821861F613 /* Pods-NewPickupTests.release.xcconfig */ = {isa = PBXFileReference; includeInIndex = 1; lastKnownFileType = text.xcconfig; name = "Pods-NewPickupTests.release.xcconfig"; path = "Pods/Target Support Files/Pods-NewPickupTests/Pods-NewPickupTests.release.xcconfig"; sourceTree = "<group>"; };
		BAA43DFCC6DAB21B677E490D /* Pods-NewPickupUITests.debug.xcconfig */ = {isa = PBXFileReference; includeInIndex = 1; lastKnownFileType = text.xcconfig; name = "Pods-NewPickupUITests.debug.xcconfig"; path = "Pods/Target Support Files/Pods-NewPickupUITests/Pods-NewPickupUITests.debug.xcconfig"; sourceTree = "<group>"; };
		DBEB2252FDBD885AF3486272 /* Pods_NewPickupTests.framework */ = {isa = PBXFileReference; explicitFileType = wrapper.framework; includeInIndex = 0; path = Pods_NewPickupTests.framework; sourceTree = BUILT_PRODUCTS_DIR; };
		E4D0BE504B4DF7E89B45B9FB /* Pods-NewPickup.debug.xcconfig */ = {isa = PBXFileReference; includeInIndex = 1; lastKnownFileType = text.xcconfig; name = "Pods-NewPickup.debug.xcconfig"; path = "Pods/Target Support Files/Pods-NewPickup/Pods-NewPickup.debug.xcconfig"; sourceTree = "<group>"; };
		F062D72AC1511EAD2434100B /* Pods_NewPickupUITests.framework */ = {isa = PBXFileReference; explicitFileType = wrapper.framework; includeInIndex = 0; path = Pods_NewPickupUITests.framework; sourceTree = BUILT_PRODUCTS_DIR; };
		F4FE8721F3D01DDA838350CE /* Pods-NewPickupUITests.release.xcconfig */ = {isa = PBXFileReference; includeInIndex = 1; lastKnownFileType = text.xcconfig; name = "Pods-NewPickupUITests.release.xcconfig"; path = "Pods/Target Support Files/Pods-NewPickupUITests/Pods-NewPickupUITests.release.xcconfig"; sourceTree = "<group>"; };
/* End PBXFileReference section */

/* Begin PBXFrameworksBuildPhase section */
		282070691EDD01C70042852D /* Frameworks */ = {
			isa = PBXFrameworksBuildPhase;
			buildActionMask = 2147483647;
			files = (
				41971C15E350A0538B501DB6 /* Pods_NewPickup.framework in Frameworks */,
			);
			runOnlyForDeploymentPostprocessing = 0;
		};
		2820707F1EDD01C70042852D /* Frameworks */ = {
			isa = PBXFrameworksBuildPhase;
			buildActionMask = 2147483647;
			files = (
				3200D3DC2B6CB6867C4BA65E /* Pods_NewPickupTests.framework in Frameworks */,
			);
			runOnlyForDeploymentPostprocessing = 0;
		};
		2820708A1EDD01C70042852D /* Frameworks */ = {
			isa = PBXFrameworksBuildPhase;
			buildActionMask = 2147483647;
			files = (
				E9374E93534441E201D7B0DC /* Pods_NewPickupUITests.framework in Frameworks */,
			);
			runOnlyForDeploymentPostprocessing = 0;
		};
/* End PBXFrameworksBuildPhase section */

/* Begin PBXGroup section */
		282070631EDD01C70042852D = {
			isa = PBXGroup;
			children = (
				2820706E1EDD01C70042852D /* NewPickup */,
				282070851EDD01C70042852D /* NewPickupTests */,
				282070901EDD01C70042852D /* NewPickupUITests */,
				2820706D1EDD01C70042852D /* Products */,
				2974A78DB9D3D50D30DA4690 /* Pods */,
				BB08BBEB6B552EEC0B2FA472 /* Frameworks */,
			);
			sourceTree = "<group>";
		};
		2820706D1EDD01C70042852D /* Products */ = {
			isa = PBXGroup;
			children = (
				2820706C1EDD01C70042852D /* NewPickup.app */,
				282070821EDD01C70042852D /* NewPickupTests.xctest */,
				2820708D1EDD01C70042852D /* NewPickupUITests.xctest */,
			);
			name = Products;
			sourceTree = "<group>";
		};
		2820706E1EDD01C70042852D /* NewPickup */ = {
			isa = PBXGroup;
			children = (
				2820706F1EDD01C70042852D /* AppDelegate.swift */,
				282070711EDD01C70042852D /* FirstViewController.swift */,
				282070731EDD01C70042852D /* SecondViewController.swift */,
				282070751EDD01C70042852D /* Main.storyboard */,
				282070781EDD01C70042852D /* Assets.xcassets */,
				2820707A1EDD01C70042852D /* LaunchScreen.storyboard */,
				2820707D1EDD01C70042852D /* Info.plist */,
				2820709F1EDD02A70042852D /* GoogleService-Info (1).plist */,
			);
			path = NewPickup;
			sourceTree = "<group>";
		};
		282070851EDD01C70042852D /* NewPickupTests */ = {
			isa = PBXGroup;
			children = (
				282070861EDD01C70042852D /* NewPickupTests.swift */,
				282070881EDD01C70042852D /* Info.plist */,
			);
			path = NewPickupTests;
			sourceTree = "<group>";
		};
		282070901EDD01C70042852D /* NewPickupUITests */ = {
			isa = PBXGroup;
			children = (
				282070911EDD01C70042852D /* NewPickupUITests.swift */,
				282070931EDD01C70042852D /* Info.plist */,
			);
			path = NewPickupUITests;
			sourceTree = "<group>";
		};
		2974A78DB9D3D50D30DA4690 /* Pods */ = {
			isa = PBXGroup;
			children = (
				E4D0BE504B4DF7E89B45B9FB /* Pods-NewPickup.debug.xcconfig */,
				545E85EE9A793ABE08B97333 /* Pods-NewPickup.release.xcconfig */,
				82744C7DEA4BCC2A23AB0022 /* Pods-NewPickupTests.debug.xcconfig */,
				ADE084A2DCAE5E821861F613 /* Pods-NewPickupTests.release.xcconfig */,
				BAA43DFCC6DAB21B677E490D /* Pods-NewPickupUITests.debug.xcconfig */,
				F4FE8721F3D01DDA838350CE /* Pods-NewPickupUITests.release.xcconfig */,
			);
			name = Pods;
			sourceTree = "<group>";
		};
		BB08BBEB6B552EEC0B2FA472 /* Frameworks */ = {
			isa = PBXGroup;
			children = (
				895B8083C57BA0EA1EACE63E /* Pods_NewPickup.framework */,
				DBEB2252FDBD885AF3486272 /* Pods_NewPickupTests.framework */,
				F062D72AC1511EAD2434100B /* Pods_NewPickupUITests.framework */,
			);
			name = Frameworks;
			sourceTree = "<group>";
		};
/* End PBXGroup section */

/* Begin PBXNativeTarget section */
		2820706B1EDD01C70042852D /* NewPickup */ = {
			isa = PBXNativeTarget;
			buildConfigurationList = 282070961EDD01C70042852D /* Build configuration list for PBXNativeTarget "NewPickup" */;
			buildPhases = (
				8A4BBB22212F9FD5F27A8C82 /* [CP] Check Pods Manifest.lock */,
				282070681EDD01C70042852D /* Sources */,
				282070691EDD01C70042852D /* Frameworks */,
				2820706A1EDD01C70042852D /* Resources */,
				365BBD1060059878DCAF2495 /* [CP] Embed Pods Frameworks */,
				8DC03410C3F43550482A04D5 /* [CP] Copy Pods Resources */,
			);
			buildRules = (
			);
			dependencies = (
			);
			name = NewPickup;
			productName = NewPickup;
			productReference = 2820706C1EDD01C70042852D /* NewPickup.app */;
			productType = "com.apple.product-type.application";
		};
		282070811EDD01C70042852D /* NewPickupTests */ = {
			isa = PBXNativeTarget;
			buildConfigurationList = 282070991EDD01C70042852D /* Build configuration list for PBXNativeTarget "NewPickupTests" */;
			buildPhases = (
				10261E8A66014DB3665C9E7C /* [CP] Check Pods Manifest.lock */,
				2820707E1EDD01C70042852D /* Sources */,
				2820707F1EDD01C70042852D /* Frameworks */,
				282070801EDD01C70042852D /* Resources */,
				89BCDACB8CD21D3D3C0F978E /* [CP] Embed Pods Frameworks */,
				00364ADA47CCD6839C478828 /* [CP] Copy Pods Resources */,
			);
			buildRules = (
			);
			dependencies = (
				282070841EDD01C70042852D /* PBXTargetDependency */,
			);
			name = NewPickupTests;
			productName = NewPickupTests;
			productReference = 282070821EDD01C70042852D /* NewPickupTests.xctest */;
			productType = "com.apple.product-type.bundle.unit-test";
		};
		2820708C1EDD01C70042852D /* NewPickupUITests */ = {
			isa = PBXNativeTarget;
			buildConfigurationList = 2820709C1EDD01C70042852D /* Build configuration list for PBXNativeTarget "NewPickupUITests" */;
			buildPhases = (
				0656AF856A6B4C2D207CD521 /* [CP] Check Pods Manifest.lock */,
				282070891EDD01C70042852D /* Sources */,
				2820708A1EDD01C70042852D /* Frameworks */,
				2820708B1EDD01C70042852D /* Resources */,
				3403ED8054209FA4B0BBE61A /* [CP] Embed Pods Frameworks */,
				411240D85B3CC2D235F1BBD5 /* [CP] Copy Pods Resources */,
			);
			buildRules = (
			);
			dependencies = (
				2820708F1EDD01C70042852D /* PBXTargetDependency */,
			);
			name = NewPickupUITests;
			productName = NewPickupUITests;
			productReference = 2820708D1EDD01C70042852D /* NewPickupUITests.xctest */;
			productType = "com.apple.product-type.bundle.ui-testing";
		};
/* End PBXNativeTarget section */

/* Begin PBXProject section */
		282070641EDD01C70042852D /* Project object */ = {
			isa = PBXProject;
			attributes = {
				LastSwiftUpdateCheck = 0830;
				LastUpgradeCheck = 0830;
				ORGANIZATIONNAME = "William McCormack";
				TargetAttributes = {
					2820706B1EDD01C70042852D = {
						CreatedOnToolsVersion = 8.3.2;
						ProvisioningStyle = Automatic;
					};
					282070811EDD01C70042852D = {
						CreatedOnToolsVersion = 8.3.2;
						ProvisioningStyle = Automatic;
						TestTargetID = 2820706B1EDD01C70042852D;
					};
					2820708C1EDD01C70042852D = {
						CreatedOnToolsVersion = 8.3.2;
						ProvisioningStyle = Automatic;
						TestTargetID = 2820706B1EDD01C70042852D;
					};
				};
			};
			buildConfigurationList = 282070671EDD01C70042852D /* Build configuration list for PBXProject "NewPickup" */;
			compatibilityVersion = "Xcode 3.2";
			developmentRegion = English;
			hasScannedForEncodings = 0;
			knownRegions = (
				en,
				Base,
			);
			mainGroup = 282070631EDD01C70042852D;
			productRefGroup = 2820706D1EDD01C70042852D /* Products */;
			projectDirPath = "";
			projectRoot = "";
			targets = (
				2820706B1EDD01C70042852D /* NewPickup */,
				282070811EDD01C70042852D /* NewPickupTests */,
				2820708C1EDD01C70042852D /* NewPickupUITests */,
			);
		};
/* End PBXProject section */

/* Begin PBXResourcesBuildPhase section */
		2820706A1EDD01C70042852D /* Resources */ = {
			isa = PBXResourcesBuildPhase;
			buildActionMask = 2147483647;
			files = (
				2820707C1EDD01C70042852D /* LaunchScreen.storyboard in Resources */,
				282070791EDD01C70042852D /* Assets.xcassets in Resources */,
				282070771EDD01C70042852D /* Main.storyboard in Resources */,
				282070A01EDD02A70042852D /* GoogleService-Info (1).plist in Resources */,
			);
			runOnlyForDeploymentPostprocessing = 0;
		};
		282070801EDD01C70042852D /* Resources */ = {
			isa = PBXResourcesBuildPhase;
			buildActionMask = 2147483647;
			files = (
			);
			runOnlyForDeploymentPostprocessing = 0;
		};
		2820708B1EDD01C70042852D /* Resources */ = {
			isa = PBXResourcesBuildPhase;
			buildActionMask = 2147483647;
			files = (
			);
			runOnlyForDeploymentPostprocessing = 0;
		};
/* End PBXResourcesBuildPhase section */

/* Begin PBXShellScriptBuildPhase section */
		00364ADA47CCD6839C478828 /* [CP] Copy Pods Resources */ = {
			isa = PBXShellScriptBuildPhase;
			buildActionMask = 2147483647;
			files = (
			);
			inputPaths = (
			);
			name = "[CP] Copy Pods Resources";
			outputPaths = (
			);
			runOnlyForDeploymentPostprocessing = 0;
			shellPath = /bin/sh;
			shellScript = "\"${SRCROOT}/Pods/Target Support Files/Pods-NewPickupTests/Pods-NewPickupTests-resources.sh\"\n";
			showEnvVarsInLog = 0;
		};
		0656AF856A6B4C2D207CD521 /* [CP] Check Pods Manifest.lock */ = {
			isa = PBXShellScriptBuildPhase;
			buildActionMask = 2147483647;
			files = (
			);
			inputPaths = (
			);
			name = "[CP] Check Pods Manifest.lock";
			outputPaths = (
			);
			runOnlyForDeploymentPostprocessing = 0;
			shellPath = /bin/sh;
			shellScript = "diff \"${PODS_PODFILE_DIR_PATH}/Podfile.lock\" \"${PODS_ROOT}/Manifest.lock\" > /dev/null\nif [ $? != 0 ] ; then\n    # print error to STDERR\n    echo \"error: The sandbox is not in sync with the Podfile.lock. Run 'pod install' or update your CocoaPods installation.\" >&2\n    exit 1\nfi\n";
			showEnvVarsInLog = 0;
		};
		10261E8A66014DB3665C9E7C /* [CP] Check Pods Manifest.lock */ = {
			isa = PBXShellScriptBuildPhase;
			buildActionMask = 2147483647;
			files = (
			);
			inputPaths = (
			);
			name = "[CP] Check Pods Manifest.lock";
			outputPaths = (
			);
			runOnlyForDeploymentPostprocessing = 0;
			shellPath = /bin/sh;
			shellScript = "diff \"${PODS_PODFILE_DIR_PATH}/Podfile.lock\" \"${PODS_ROOT}/Manifest.lock\" > /dev/null\nif [ $? != 0 ] ; then\n    # print error to STDERR\n    echo \"error: The sandbox is not in sync with the Podfile.lock. Run 'pod install' or update your CocoaPods installation.\" >&2\n    exit 1\nfi\n";
			showEnvVarsInLog = 0;
		};
		3403ED8054209FA4B0BBE61A /* [CP] Embed Pods Frameworks */ = {
			isa = PBXShellScriptBuildPhase;
			buildActionMask = 2147483647;
			files = (
			);
			inputPaths = (
			);
			name = "[CP] Embed Pods Frameworks";
			outputPaths = (
			);
			runOnlyForDeploymentPostprocessing = 0;
			shellPath = /bin/sh;
			shellScript = "\"${SRCROOT}/Pods/Target Support Files/Pods-NewPickupUITests/Pods-NewPickupUITests-frameworks.sh\"\n";
			showEnvVarsInLog = 0;
		};
		365BBD1060059878DCAF2495 /* [CP] Embed Pods Frameworks */ = {
			isa = PBXShellScriptBuildPhase;
			buildActionMask = 2147483647;
			files = (
			);
			inputPaths = (
			);
			name = "[CP] Embed Pods Frameworks";
			outputPaths = (
			);
			runOnlyForDeploymentPostprocessing = 0;
			shellPath = /bin/sh;
			shellScript = "\"${SRCROOT}/Pods/Target Support Files/Pods-NewPickup/Pods-NewPickup-frameworks.sh\"\n";
			showEnvVarsInLog = 0;
		};
		411240D85B3CC2D235F1BBD5 /* [CP] Copy Pods Resources */ = {
			isa = PBXShellScriptBuildPhase;
			buildActionMask = 2147483647;
			files = (
			);
			inputPaths = (
			);
			name = "[CP] Copy Pods Resources";
			outputPaths = (
			);
			runOnlyForDeploymentPostprocessing = 0;
			shellPath = /bin/sh;
			shellScript = "\"${SRCROOT}/Pods/Target Support Files/Pods-NewPickupUITests/Pods-NewPickupUITests-resources.sh\"\n";
			showEnvVarsInLog = 0;
		};
		89BCDACB8CD21D3D3C0F978E /* [CP] Embed Pods Frameworks */ = {
			isa = PBXShellScriptBuildPhase;
			buildActionMask = 2147483647;
			files = (
			);
			inputPaths = (
			);
			name = "[CP] Embed Pods Frameworks";
			outputPaths = (
			);
			runOnlyForDeploymentPostprocessing = 0;
			shellPath = /bin/sh;
			shellScript = "\"${SRCROOT}/Pods/Target Support Files/Pods-NewPickupTests/Pods-NewPickupTests-frameworks.sh\"\n";
			showEnvVarsInLog = 0;
		};
		8A4BBB22212F9FD5F27A8C82 /* [CP] Check Pods Manifest.lock */ = {
			isa = PBXShellScriptBuildPhase;
			buildActionMask = 2147483647;
			files = (
			);
			inputPaths = (
			);
			name = "[CP] Check Pods Manifest.lock";
			outputPaths = (
			);
			runOnlyForDeploymentPostprocessing = 0;
			shellPath = /bin/sh;
			shellScript = "diff \"${PODS_PODFILE_DIR_PATH}/Podfile.lock\" \"${PODS_ROOT}/Manifest.lock\" > /dev/null\nif [ $? != 0 ] ; then\n    # print error to STDERR\n    echo \"error: The sandbox is not in sync with the Podfile.lock. Run 'pod install' or update your CocoaPods installation.\" >&2\n    exit 1\nfi\n";
			showEnvVarsInLog = 0;
		};
		8DC03410C3F43550482A04D5 /* [CP] Copy Pods Resources */ = {
			isa = PBXShellScriptBuildPhase;
			buildActionMask = 2147483647;
			files = (
			);
			inputPaths = (
			);
			name = "[CP] Copy Pods Resources";
			outputPaths = (
			);
			runOnlyForDeploymentPostprocessing = 0;
			shellPath = /bin/sh;
			shellScript = "\"${SRCROOT}/Pods/Target Support Files/Pods-NewPickup/Pods-NewPickup-resources.sh\"\n";
			showEnvVarsInLog = 0;
		};
/* End PBXShellScriptBuildPhase section */

/* Begin PBXSourcesBuildPhase section */
		282070681EDD01C70042852D /* Sources */ = {
			isa = PBXSourcesBuildPhase;
			buildActionMask = 2147483647;
			files = (
				282070741EDD01C70042852D /* SecondViewController.swift in Sources */,
				282070701EDD01C70042852D /* AppDelegate.swift in Sources */,
				282070721EDD01C70042852D /* FirstViewController.swift in Sources */,
			);
			runOnlyForDeploymentPostprocessing = 0;
		};
		2820707E1EDD01C70042852D /* Sources */ = {
			isa = PBXSourcesBuildPhase;
			buildActionMask = 2147483647;
			files = (
				282070871EDD01C70042852D /* NewPickupTests.swift in Sources */,
			);
			runOnlyForDeploymentPostprocessing = 0;
		};
		282070891EDD01C70042852D /* Sources */ = {
			isa = PBXSourcesBuildPhase;
			buildActionMask = 2147483647;
			files = (
				282070921EDD01C70042852D /* NewPickupUITests.swift in Sources */,
			);
			runOnlyForDeploymentPostprocessing = 0;
		};
/* End PBXSourcesBuildPhase section */

/* Begin PBXTargetDependency section */
		282070841EDD01C70042852D /* PBXTargetDependency */ = {
			isa = PBXTargetDependency;
			target = 2820706B1EDD01C70042852D /* NewPickup */;
			targetProxy = 282070831EDD01C70042852D /* PBXContainerItemProxy */;
		};
		2820708F1EDD01C70042852D /* PBXTargetDependency */ = {
			isa = PBXTargetDependency;
			target = 2820706B1EDD01C70042852D /* NewPickup */;
			targetProxy = 2820708E1EDD01C70042852D /* PBXContainerItemProxy */;
		};
/* End PBXTargetDependency section */

/* Begin PBXVariantGroup section */
		282070751EDD01C70042852D /* Main.storyboard */ = {
			isa = PBXVariantGroup;
			children = (
				282070761EDD01C70042852D /* Base */,
			);
			name = Main.storyboard;
			sourceTree = "<group>";
		};
		2820707A1EDD01C70042852D /* LaunchScreen.storyboard */ = {
			isa = PBXVariantGroup;
			children = (
				2820707B1EDD01C70042852D /* Base */,
			);
			name = LaunchScreen.storyboard;
			sourceTree = "<group>";
		};
/* End PBXVariantGroup section */

/* Begin XCBuildConfiguration section */
		282070941EDD01C70042852D /* Debug */ = {
			isa = XCBuildConfiguration;
			buildSettings = {
				ALWAYS_SEARCH_USER_PATHS = NO;
				CLANG_ANALYZER_NONNULL = YES;
				CLANG_ANALYZER_NUMBER_OBJECT_CONVERSION = YES_AGGRESSIVE;
				CLANG_CXX_LANGUAGE_STANDARD = "gnu++0x";
				CLANG_CXX_LIBRARY = "libc++";
				CLANG_ENABLE_MODULES = YES;
				CLANG_ENABLE_OBJC_ARC = YES;
				CLANG_WARN_BOOL_CONVERSION = YES;
				CLANG_WARN_CONSTANT_CONVERSION = YES;
				CLANG_WARN_DIRECT_OBJC_ISA_USAGE = YES_ERROR;
				CLANG_WARN_DOCUMENTATION_COMMENTS = YES;
				CLANG_WARN_EMPTY_BODY = YES;
				CLANG_WARN_ENUM_CONVERSION = YES;
				CLANG_WARN_INFINITE_RECURSION = YES;
				CLANG_WARN_INT_CONVERSION = YES;
				CLANG_WARN_OBJC_ROOT_CLASS = YES_ERROR;
				CLANG_WARN_SUSPICIOUS_MOVE = YES;
				CLANG_WARN_UNREACHABLE_CODE = YES;
				CLANG_WARN__DUPLICATE_METHOD_MATCH = YES;
				"CODE_SIGN_IDENTITY[sdk=iphoneos*]" = "iPhone Developer";
				COPY_PHASE_STRIP = NO;
				DEBUG_INFORMATION_FORMAT = dwarf;
				ENABLE_STRICT_OBJC_MSGSEND = YES;
				ENABLE_TESTABILITY = YES;
				GCC_C_LANGUAGE_STANDARD = gnu99;
				GCC_DYNAMIC_NO_PIC = NO;
				GCC_NO_COMMON_BLOCKS = YES;
				GCC_OPTIMIZATION_LEVEL = 0;
				GCC_PREPROCESSOR_DEFINITIONS = (
					"DEBUG=1",
					"$(inherited)",
				);
				GCC_WARN_64_TO_32_BIT_CONVERSION = YES;
				GCC_WARN_ABOUT_RETURN_TYPE = YES_ERROR;
				GCC_WARN_UNDECLARED_SELECTOR = YES;
				GCC_WARN_UNINITIALIZED_AUTOS = YES_AGGRESSIVE;
				GCC_WARN_UNUSED_FUNCTION = YES;
				GCC_WARN_UNUSED_VARIABLE = YES;
				IPHONEOS_DEPLOYMENT_TARGET = 10.3;
				MTL_ENABLE_DEBUG_INFO = YES;
				ONLY_ACTIVE_ARCH = YES;
				SDKROOT = iphoneos;
				SWIFT_ACTIVE_COMPILATION_CONDITIONS = DEBUG;
				SWIFT_OPTIMIZATION_LEVEL = "-Onone";
				TARGETED_DEVICE_FAMILY = "1,2";
			};
			name = Debug;
		};
		282070951EDD01C70042852D /* Release */ = {
			isa = XCBuildConfiguration;
			buildSettings = {
				ALWAYS_SEARCH_USER_PATHS = NO;
				CLANG_ANALYZER_NONNULL = YES;
				CLANG_ANALYZER_NUMBER_OBJECT_CONVERSION = YES_AGGRESSIVE;
				CLANG_CXX_LANGUAGE_STANDARD = "gnu++0x";
				CLANG_CXX_LIBRARY = "libc++";
				CLANG_ENABLE_MODULES = YES;
				CLANG_ENABLE_OBJC_ARC = YES;
				CLANG_WARN_BOOL_CONVERSION = YES;
				CLANG_WARN_CONSTANT_CONVERSION = YES;
				CLANG_WARN_DIRECT_OBJC_ISA_USAGE = YES_ERROR;
				CLANG_WARN_DOCUMENTATION_COMMENTS = YES;
				CLANG_WARN_EMPTY_BODY = YES;
				CLANG_WARN_ENUM_CONVERSION = YES;
				CLANG_WARN_INFINITE_RECURSION = YES;
				CLANG_WARN_INT_CONVERSION = YES;
				CLANG_WARN_OBJC_ROOT_CLASS = YES_ERROR;
				CLANG_WARN_SUSPICIOUS_MOVE = YES;
				CLANG_WARN_UNREACHABLE_CODE = YES;
				CLANG_WARN__DUPLICATE_METHOD_MATCH = YES;
				"CODE_SIGN_IDENTITY[sdk=iphoneos*]" = "iPhone Developer";
				COPY_PHASE_STRIP = NO;
				DEBUG_INFORMATION_FORMAT = "dwarf-with-dsym";
				ENABLE_NS_ASSERTIONS = NO;
				ENABLE_STRICT_OBJC_MSGSEND = YES;
				GCC_C_LANGUAGE_STANDARD = gnu99;
				GCC_NO_COMMON_BLOCKS = YES;
				GCC_WARN_64_TO_32_BIT_CONVERSION = YES;
				GCC_WARN_ABOUT_RETURN_TYPE = YES_ERROR;
				GCC_WARN_UNDECLARED_SELECTOR = YES;
				GCC_WARN_UNINITIALIZED_AUTOS = YES_AGGRESSIVE;
				GCC_WARN_UNUSED_FUNCTION = YES;
				GCC_WARN_UNUSED_VARIABLE = YES;
				IPHONEOS_DEPLOYMENT_TARGET = 10.3;
				MTL_ENABLE_DEBUG_INFO = NO;
				SDKROOT = iphoneos;
				SWIFT_OPTIMIZATION_LEVEL = "-Owholemodule";
				TARGETED_DEVICE_FAMILY = "1,2";
				VALIDATE_PRODUCT = YES;
			};
			name = Release;
		};
		282070971EDD01C70042852D /* Debug */ = {
			isa = XCBuildConfiguration;
			baseConfigurationReference = E4D0BE504B4DF7E89B45B9FB /* Pods-NewPickup.debug.xcconfig */;
			buildSettings = {
				ASSETCATALOG_COMPILER_APPICON_NAME = AppIcon;
				INFOPLIST_FILE = NewPickup/Info.plist;
				LD_RUNPATH_SEARCH_PATHS = "$(inherited) @executable_path/Frameworks";
				PRODUCT_BUNDLE_IDENTIFIER = NewPickup.NewPickup;
				PRODUCT_NAME = "$(TARGET_NAME)";
				SWIFT_VERSION = 3.0;
			};
			name = Debug;
		};
		282070981EDD01C70042852D /* Release */ = {
			isa = XCBuildConfiguration;
			baseConfigurationReference = 545E85EE9A793ABE08B97333 /* Pods-NewPickup.release.xcconfig */;
			buildSettings = {
				ASSETCATALOG_COMPILER_APPICON_NAME = AppIcon;
				INFOPLIST_FILE = NewPickup/Info.plist;
				LD_RUNPATH_SEARCH_PATHS = "$(inherited) @executable_path/Frameworks";
				PRODUCT_BUNDLE_IDENTIFIER = NewPickup.NewPickup;
				PRODUCT_NAME = "$(TARGET_NAME)";
				SWIFT_VERSION = 3.0;
			};
			name = Release;
		};
		2820709A1EDD01C70042852D /* Debug */ = {
			isa = XCBuildConfiguration;
			baseConfigurationReference = 82744C7DEA4BCC2A23AB0022 /* Pods-NewPickupTests.debug.xcconfig */;
			buildSettings = {
				ALWAYS_EMBED_SWIFT_STANDARD_LIBRARIES = YES;
				BUNDLE_LOADER = "$(TEST_HOST)";
				INFOPLIST_FILE = NewPickupTests/Info.plist;
				LD_RUNPATH_SEARCH_PATHS = "$(inherited) @executable_path/Frameworks @loader_path/Frameworks";
				PRODUCT_BUNDLE_IDENTIFIER = NewPickup.NewPickupTests;
				PRODUCT_NAME = "$(TARGET_NAME)";
				SWIFT_VERSION = 3.0;
				TEST_HOST = "$(BUILT_PRODUCTS_DIR)/NewPickup.app/NewPickup";
			};
			name = Debug;
		};
		2820709B1EDD01C70042852D /* Release */ = {
			isa = XCBuildConfiguration;
			baseConfigurationReference = ADE084A2DCAE5E821861F613 /* Pods-NewPickupTests.release.xcconfig */;
			buildSettings = {
				ALWAYS_EMBED_SWIFT_STANDARD_LIBRARIES = YES;
				BUNDLE_LOADER = "$(TEST_HOST)";
				INFOPLIST_FILE = NewPickupTests/Info.plist;
				LD_RUNPATH_SEARCH_PATHS = "$(inherited) @executable_path/Frameworks @loader_path/Frameworks";
				PRODUCT_BUNDLE_IDENTIFIER = NewPickup.NewPickupTests;
				PRODUCT_NAME = "$(TARGET_NAME)";
				SWIFT_VERSION = 3.0;
				TEST_HOST = "$(BUILT_PRODUCTS_DIR)/NewPickup.app/NewPickup";
			};
			name = Release;
		};
		2820709D1EDD01C70042852D /* Debug */ = {
			isa = XCBuildConfiguration;
			baseConfigurationReference = BAA43DFCC6DAB21B677E490D /* Pods-NewPickupUITests.debug.xcconfig */;
			buildSettings = {
				ALWAYS_EMBED_SWIFT_STANDARD_LIBRARIES = YES;
				INFOPLIST_FILE = NewPickupUITests/Info.plist;
				LD_RUNPATH_SEARCH_PATHS = "$(inherited) @executable_path/Frameworks @loader_path/Frameworks";
				PRODUCT_BUNDLE_IDENTIFIER = NewPickup.NewPickupUITests;
				PRODUCT_NAME = "$(TARGET_NAME)";
				SWIFT_VERSION = 3.0;
				TEST_TARGET_NAME = NewPickup;
			};
			name = Debug;
		};
		2820709E1EDD01C70042852D /* Release */ = {
			isa = XCBuildConfiguration;
			baseConfigurationReference = F4FE8721F3D01DDA838350CE /* Pods-NewPickupUITests.release.xcconfig */;
			buildSettings = {
				ALWAYS_EMBED_SWIFT_STANDARD_LIBRARIES = YES;
				INFOPLIST_FILE = NewPickupUITests/Info.plist;
				LD_RUNPATH_SEARCH_PATHS = "$(inherited) @executable_path/Frameworks @loader_path/Frameworks";
				PRODUCT_BUNDLE_IDENTIFIER = NewPickup.NewPickupUITests;
				PRODUCT_NAME = "$(TARGET_NAME)";
				SWIFT_VERSION = 3.0;
				TEST_TARGET_NAME = NewPickup;
			};
			name = Release;
		};
/* End XCBuildConfiguration section */

/* Begin XCConfigurationList section */
		282070671EDD01C70042852D /* Build configuration list for PBXProject "NewPickup" */ = {
			isa = XCConfigurationList;
			buildConfigurations = (
				282070941EDD01C70042852D /* Debug */,
				282070951EDD01C70042852D /* Release */,
			);
			defaultConfigurationIsVisible = 0;
			defaultConfigurationName = Release;
		};
		282070961EDD01C70042852D /* Build configuration list for PBXNativeTarget "NewPickup" */ = {
			isa = XCConfigurationList;
			buildConfigurations = (
				282070971EDD01C70042852D /* Debug */,
				282070981EDD01C70042852D /* Release */,
			);
			defaultConfigurationIsVisible = 0;
		};
		282070991EDD01C70042852D /* Build configuration list for PBXNativeTarget "NewPickupTests" */ = {
			isa = XCConfigurationList;
			buildConfigurations = (
				2820709A1EDD01C70042852D /* Debug */,
				2820709B1EDD01C70042852D /* Release */,
			);
			defaultConfigurationIsVisible = 0;
		};
		2820709C1EDD01C70042852D /* Build configuration list for PBXNativeTarget "NewPickupUITests" */ = {
			isa = XCConfigurationList;
			buildConfigurations = (
				2820709D1EDD01C70042852D /* Debug */,
				2820709E1EDD01C70042852D /* Release */,
			);
			defaultConfigurationIsVisible = 0;
		};
/* End XCConfigurationList section */
	};
	rootObject = 282070641EDD01C70042852D /* Project object */;
}
